// !$*UTF8*$!
{
	archiveVersion = 1;
	classes = {
	};
	objectVersion = 50;
	objects = {

/* Begin PBXBuildFile section */
		7C44B19A25AC246B0002E39A /* UIColor-Extension.swift in Sources */ = {isa = PBXBuildFile; fileRef = 7C44B19925AC246B0002E39A /* UIColor-Extension.swift */; };
		7C44B1A825AC26500002E39A /* ChatRoom.storyboard in Resources */ = {isa = PBXBuildFile; fileRef = 7C44B1A725AC26500002E39A /* ChatRoom.storyboard */; };
		7C44B1AD25AC26AC0002E39A /* ChatRoomViewController.swift in Sources */ = {isa = PBXBuildFile; fileRef = 7C44B1AC25AC26AC0002E39A /* ChatRoomViewController.swift */; };
		7CA46BFE25AC28F80017E1AE /* ChatRoomTableViewCell.xib in Resources */ = {isa = PBXBuildFile; fileRef = 7CA46BFD25AC28F80017E1AE /* ChatRoomTableViewCell.xib */; };
		7CA46C0625AC29F90017E1AE /* ChatRoomTableViewCell.swift in Sources */ = {isa = PBXBuildFile; fileRef = 7CA46C0525AC29F90017E1AE /* ChatRoomTableViewCell.swift */; };
		7CDAEAF8244DECE800895FB7 /* AppDelegate.swift in Sources */ = {isa = PBXBuildFile; fileRef = 7CDAEAF7244DECE800895FB7 /* AppDelegate.swift */; };
		7CDAEAFA244DECE800895FB7 /* SceneDelegate.swift in Sources */ = {isa = PBXBuildFile; fileRef = 7CDAEAF9244DECE800895FB7 /* SceneDelegate.swift */; };
		7CDAEB01244DECE900895FB7 /* Assets.xcassets in Resources */ = {isa = PBXBuildFile; fileRef = 7CDAEB00244DECE900895FB7 /* Assets.xcassets */; };
		7CDAEB04244DECE900895FB7 /* LaunchScreen.storyboard in Resources */ = {isa = PBXBuildFile; fileRef = 7CDAEB02244DECE900895FB7 /* LaunchScreen.storyboard */; };
		7CDAEB0F244DECE900895FB7 /* ChatWithFirebaseUntil5Tests.swift in Sources */ = {isa = PBXBuildFile; fileRef = 7CDAEB0E244DECE900895FB7 /* ChatWithFirebaseUntil5Tests.swift */; };
		7CDAEB1A244DECE900895FB7 /* ChatWithFirebaseUntil5UITests.swift in Sources */ = {isa = PBXBuildFile; fileRef = 7CDAEB19244DECE900895FB7 /* ChatWithFirebaseUntil5UITests.swift */; };
		7CDAEB28244DED8400895FB7 /* ChatList.storyboard in Resources */ = {isa = PBXBuildFile; fileRef = 7CDAEB27244DED8400895FB7 /* ChatList.storyboard */; };
		7CDAEB2A244DEDF400895FB7 /* ChatListViewController.swift in Sources */ = {isa = PBXBuildFile; fileRef = 7CDAEB29244DEDF400895FB7 /* ChatListViewController.swift */; };
/* End PBXBuildFile section */

/* Begin PBXContainerItemProxy section */
		7CDAEB0B244DECE900895FB7 /* PBXContainerItemProxy */ = {
			isa = PBXContainerItemProxy;
			containerPortal = 7CDAEAEC244DECE800895FB7 /* Project object */;
			proxyType = 1;
			remoteGlobalIDString = 7CDAEAF3244DECE800895FB7;
			remoteInfo = ChatWithFirebaseUntil5;
		};
		7CDAEB16244DECE900895FB7 /* PBXContainerItemProxy */ = {
			isa = PBXContainerItemProxy;
			containerPortal = 7CDAEAEC244DECE800895FB7 /* Project object */;
			proxyType = 1;
			remoteGlobalIDString = 7CDAEAF3244DECE800895FB7;
			remoteInfo = ChatWithFirebaseUntil5;
		};
/* End PBXContainerItemProxy section */

/* Begin PBXFileReference section */
		7C44B19925AC246B0002E39A /* UIColor-Extension.swift */ = {isa = PBXFileReference; lastKnownFileType = sourcecode.swift; path = "UIColor-Extension.swift"; sourceTree = "<group>"; };
		7C44B1A725AC26500002E39A /* ChatRoom.storyboard */ = {isa = PBXFileReference; lastKnownFileType = file.storyboard; path = ChatRoom.storyboard; sourceTree = "<group>"; };
		7C44B1AC25AC26AC0002E39A /* ChatRoomViewController.swift */ = {isa = PBXFileReference; lastKnownFileType = sourcecode.swift; path = ChatRoomViewController.swift; sourceTree = "<group>"; };
		7CA46BFD25AC28F80017E1AE /* ChatRoomTableViewCell.xib */ = {isa = PBXFileReference; lastKnownFileType = file.xib; path = ChatRoomTableViewCell.xib; sourceTree = "<group>"; };
		7CA46C0525AC29F90017E1AE /* ChatRoomTableViewCell.swift */ = {isa = PBXFileReference; lastKnownFileType = sourcecode.swift; path = ChatRoomTableViewCell.swift; sourceTree = "<group>"; };
		7CDAEAF4244DECE800895FB7 /* ChatAppWithFirebase.app */ = {isa = PBXFileReference; explicitFileType = wrapper.application; includeInIndex = 0; path = ChatAppWithFirebase.app; sourceTree = BUILT_PRODUCTS_DIR; };
		7CDAEAF7244DECE800895FB7 /* AppDelegate.swift */ = {isa = PBXFileReference; lastKnownFileType = sourcecode.swift; path = AppDelegate.swift; sourceTree = "<group>"; };
		7CDAEAF9244DECE800895FB7 /* SceneDelegate.swift */ = {isa = PBXFileReference; lastKnownFileType = sourcecode.swift; path = SceneDelegate.swift; sourceTree = "<group>"; };
		7CDAEB00244DECE900895FB7 /* Assets.xcassets */ = {isa = PBXFileReference; lastKnownFileType = folder.assetcatalog; path = Assets.xcassets; sourceTree = "<group>"; };
		7CDAEB03244DECE900895FB7 /* Base */ = {isa = PBXFileReference; lastKnownFileType = file.storyboard; name = Base; path = Base.lproj/LaunchScreen.storyboard; sourceTree = "<group>"; };
		7CDAEB05244DECE900895FB7 /* Info.plist */ = {isa = PBXFileReference; lastKnownFileType = text.plist.xml; path = Info.plist; sourceTree = "<group>"; };
		7CDAEB0A244DECE900895FB7 /* ChatAppWithFirebaseTests.xctest */ = {isa = PBXFileReference; explicitFileType = wrapper.cfbundle; includeInIndex = 0; path = ChatAppWithFirebaseTests.xctest; sourceTree = BUILT_PRODUCTS_DIR; };
		7CDAEB0E244DECE900895FB7 /* ChatWithFirebaseUntil5Tests.swift */ = {isa = PBXFileReference; lastKnownFileType = sourcecode.swift; path = ChatWithFirebaseUntil5Tests.swift; sourceTree = "<group>"; };
		7CDAEB10244DECE900895FB7 /* Info.plist */ = {isa = PBXFileReference; lastKnownFileType = text.plist.xml; path = Info.plist; sourceTree = "<group>"; };
		7CDAEB15244DECE900895FB7 /* ChatAppWithFirebaseUITests.xctest */ = {isa = PBXFileReference; explicitFileType = wrapper.cfbundle; includeInIndex = 0; path = ChatAppWithFirebaseUITests.xctest; sourceTree = BUILT_PRODUCTS_DIR; };
		7CDAEB19244DECE900895FB7 /* ChatWithFirebaseUntil5UITests.swift */ = {isa = PBXFileReference; lastKnownFileType = sourcecode.swift; path = ChatWithFirebaseUntil5UITests.swift; sourceTree = "<group>"; };
		7CDAEB1B244DECE900895FB7 /* Info.plist */ = {isa = PBXFileReference; lastKnownFileType = text.plist.xml; path = Info.plist; sourceTree = "<group>"; };
		7CDAEB27244DED8400895FB7 /* ChatList.storyboard */ = {isa = PBXFileReference; lastKnownFileType = file.storyboard; path = ChatList.storyboard; sourceTree = "<group>"; };
		7CDAEB29244DEDF400895FB7 /* ChatListViewController.swift */ = {isa = PBXFileReference; lastKnownFileType = sourcecode.swift; path = ChatListViewController.swift; sourceTree = "<group>"; };
/* End PBXFileReference section */

/* Begin PBXFrameworksBuildPhase section */
		7CDAEAF1244DECE800895FB7 /* Frameworks */ = {
			isa = PBXFrameworksBuildPhase;
			buildActionMask = 2147483647;
			files = (
			);
			runOnlyForDeploymentPostprocessing = 0;
		};
		7CDAEB07244DECE900895FB7 /* Frameworks */ = {
			isa = PBXFrameworksBuildPhase;
			buildActionMask = 2147483647;
			files = (
			);
			runOnlyForDeploymentPostprocessing = 0;
		};
		7CDAEB12244DECE900895FB7 /* Frameworks */ = {
			isa = PBXFrameworksBuildPhase;
			buildActionMask = 2147483647;
			files = (
			);
			runOnlyForDeploymentPostprocessing = 0;
		};
/* End PBXFrameworksBuildPhase section */

/* Begin PBXGroup section */
		7C35901925AC23CE00E53A59 /* Controllers */ = {
			isa = PBXGroup;
			children = (
				7CDAEB29244DEDF400895FB7 /* ChatListViewController.swift */,
				7C44B1AC25AC26AC0002E39A /* ChatRoomViewController.swift */,
			);
			path = Controllers;
			sourceTree = "<group>";
		};
		7C35901A25AC23DE00E53A59 /* StoryBoards */ = {
			isa = PBXGroup;
			children = (
				7CDAEB27244DED8400895FB7 /* ChatList.storyboard */,
				7C44B1A725AC26500002E39A /* ChatRoom.storyboard */,
			);
			path = StoryBoards;
			sourceTree = "<group>";
		};
		7CDAEAEB244DECE800895FB7 = {
			isa = PBXGroup;
			children = (
				7CDAEAF6244DECE800895FB7 /* ChatWithFirebaseUntil5 */,
				7CDAEB0D244DECE900895FB7 /* ChatWithFirebaseUntil5Tests */,
				7CDAEB18244DECE900895FB7 /* ChatWithFirebaseUntil5UITests */,
				7CDAEAF5244DECE800895FB7 /* Products */,
			);
			sourceTree = "<group>";
		};
		7CDAEAF5244DECE800895FB7 /* Products */ = {
			isa = PBXGroup;
			children = (
				7CDAEAF4244DECE800895FB7 /* ChatAppWithFirebase.app */,
				7CDAEB0A244DECE900895FB7 /* ChatAppWithFirebaseTests.xctest */,
				7CDAEB15244DECE900895FB7 /* ChatAppWithFirebaseUITests.xctest */,
			);
			name = Products;
			sourceTree = "<group>";
		};
		7CDAEAF6244DECE800895FB7 /* ChatWithFirebaseUntil5 */ = {
			isa = PBXGroup;
			children = (
				7C35901A25AC23DE00E53A59 /* StoryBoards */,
				7C35901925AC23CE00E53A59 /* Controllers */,
				7CA46BFD25AC28F80017E1AE /* ChatRoomTableViewCell.xib */,
				7CA46C0525AC29F90017E1AE /* ChatRoomTableViewCell.swift */,
				7C44B19925AC246B0002E39A /* UIColor-Extension.swift */,
				7CDAEAF7244DECE800895FB7 /* AppDelegate.swift */,
				7CDAEAF9244DECE800895FB7 /* SceneDelegate.swift */,
				7CDAEB00244DECE900895FB7 /* Assets.xcassets */,
				7CDAEB02244DECE900895FB7 /* LaunchScreen.storyboard */,
				7CDAEB05244DECE900895FB7 /* Info.plist */,
			);
			path = ChatWithFirebaseUntil5;
			sourceTree = "<group>";
		};
		7CDAEB0D244DECE900895FB7 /* ChatWithFirebaseUntil5Tests */ = {
			isa = PBXGroup;
			children = (
				7CDAEB0E244DECE900895FB7 /* ChatWithFirebaseUntil5Tests.swift */,
				7CDAEB10244DECE900895FB7 /* Info.plist */,
			);
			path = ChatWithFirebaseUntil5Tests;
			sourceTree = "<group>";
		};
		7CDAEB18244DECE900895FB7 /* ChatWithFirebaseUntil5UITests */ = {
			isa = PBXGroup;
			children = (
				7CDAEB19244DECE900895FB7 /* ChatWithFirebaseUntil5UITests.swift */,
				7CDAEB1B244DECE900895FB7 /* Info.plist */,
			);
			path = ChatWithFirebaseUntil5UITests;
			sourceTree = "<group>";
		};
/* End PBXGroup section */

/* Begin PBXNativeTarget section */
		7CDAEAF3244DECE800895FB7 /* ChatAppWithFirebase */ = {
			isa = PBXNativeTarget;
			buildConfigurationList = 7CDAEB1E244DECE900895FB7 /* Build configuration list for PBXNativeTarget "ChatAppWithFirebase" */;
			buildPhases = (
				7CDAEAF0244DECE800895FB7 /* Sources */,
				7CDAEAF1244DECE800895FB7 /* Frameworks */,
				7CDAEAF2244DECE800895FB7 /* Resources */,
			);
			buildRules = (
			);
			dependencies = (
			);
			name = ChatAppWithFirebase;
			productName = ChatWithFirebaseUntil5;
			productReference = 7CDAEAF4244DECE800895FB7 /* ChatAppWithFirebase.app */;
			productType = "com.apple.product-type.application";
		};
		7CDAEB09244DECE900895FB7 /* ChatAppWithFirebaseTests */ = {
			isa = PBXNativeTarget;
			buildConfigurationList = 7CDAEB21244DECE900895FB7 /* Build configuration list for PBXNativeTarget "ChatAppWithFirebaseTests" */;
			buildPhases = (
				7CDAEB06244DECE900895FB7 /* Sources */,
				7CDAEB07244DECE900895FB7 /* Frameworks */,
				7CDAEB08244DECE900895FB7 /* Resources */,
			);
			buildRules = (
			);
			dependencies = (
				7CDAEB0C244DECE900895FB7 /* PBXTargetDependency */,
			);
			name = ChatAppWithFirebaseTests;
			productName = ChatWithFirebaseUntil5Tests;
			productReference = 7CDAEB0A244DECE900895FB7 /* ChatAppWithFirebaseTests.xctest */;
			productType = "com.apple.product-type.bundle.unit-test";
		};
		7CDAEB14244DECE900895FB7 /* ChatAppWithFirebaseUITests */ = {
			isa = PBXNativeTarget;
			buildConfigurationList = 7CDAEB24244DECE900895FB7 /* Build configuration list for PBXNativeTarget "ChatAppWithFirebaseUITests" */;
			buildPhases = (
				7CDAEB11244DECE900895FB7 /* Sources */,
				7CDAEB12244DECE900895FB7 /* Frameworks */,
				7CDAEB13244DECE900895FB7 /* Resources */,
			);
			buildRules = (
			);
			dependencies = (
				7CDAEB17244DECE900895FB7 /* PBXTargetDependency */,
			);
			name = ChatAppWithFirebaseUITests;
			productName = ChatWithFirebaseUntil5UITests;
			productReference = 7CDAEB15244DECE900895FB7 /* ChatAppWithFirebaseUITests.xctest */;
			productType = "com.apple.product-type.bundle.ui-testing";
		};
/* End PBXNativeTarget section */

/* Begin PBXProject section */
		7CDAEAEC244DECE800895FB7 /* Project object */ = {
			isa = PBXProject;
			attributes = {
				LastSwiftUpdateCheck = 1130;
				LastUpgradeCheck = 1130;
				ORGANIZATIONNAME = Uske;
				TargetAttributes = {
					7CDAEAF3244DECE800895FB7 = {
						CreatedOnToolsVersion = 11.3.1;
					};
					7CDAEB09244DECE900895FB7 = {
						CreatedOnToolsVersion = 11.3.1;
						TestTargetID = 7CDAEAF3244DECE800895FB7;
					};
					7CDAEB14244DECE900895FB7 = {
						CreatedOnToolsVersion = 11.3.1;
						TestTargetID = 7CDAEAF3244DECE800895FB7;
					};
				};
			};
			buildConfigurationList = 7CDAEAEF244DECE800895FB7 /* Build configuration list for PBXProject "ChatAppWithFirebase" */;
			compatibilityVersion = "Xcode 9.3";
			developmentRegion = en;
			hasScannedForEncodings = 0;
			knownRegions = (
				en,
				Base,
			);
			mainGroup = 7CDAEAEB244DECE800895FB7;
			productRefGroup = 7CDAEAF5244DECE800895FB7 /* Products */;
			projectDirPath = "";
			projectRoot = "";
			targets = (
				7CDAEAF3244DECE800895FB7 /* ChatAppWithFirebase */,
				7CDAEB09244DECE900895FB7 /* ChatAppWithFirebaseTests */,
				7CDAEB14244DECE900895FB7 /* ChatAppWithFirebaseUITests */,
			);
		};
/* End PBXProject section */

/* Begin PBXResourcesBuildPhase section */
		7CDAEAF2244DECE800895FB7 /* Resources */ = {
			isa = PBXResourcesBuildPhase;
			buildActionMask = 2147483647;
			files = (
				7CA46BFE25AC28F80017E1AE /* ChatRoomTableViewCell.xib in Resources */,
				7CDAEB04244DECE900895FB7 /* LaunchScreen.storyboard in Resources */,
				7CDAEB01244DECE900895FB7 /* Assets.xcassets in Resources */,
				7CDAEB28244DED8400895FB7 /* ChatList.storyboard in Resources */,
				7C44B1A825AC26500002E39A /* ChatRoom.storyboard in Resources */,
			);
			runOnlyForDeploymentPostprocessing = 0;
		};
		7CDAEB08244DECE900895FB7 /* Resources */ = {
			isa = PBXResourcesBuildPhase;
			buildActionMask = 2147483647;
			files = (
			);
			runOnlyForDeploymentPostprocessing = 0;
		};
		7CDAEB13244DECE900895FB7 /* Resources */ = {
			isa = PBXResourcesBuildPhase;
			buildActionMask = 2147483647;
			files = (
			);
			runOnlyForDeploymentPostprocessing = 0;
		};
/* End PBXResourcesBuildPhase section */

/* Begin PBXSourcesBuildPhase section */
		7CDAEAF0244DECE800895FB7 /* Sources */ = {
			isa = PBXSourcesBuildPhase;
			buildActionMask = 2147483647;
			files = (
				7CDAEAF8244DECE800895FB7 /* AppDelegate.swift in Sources */,
				7C44B19A25AC246B0002E39A /* UIColor-Extension.swift in Sources */,
				7C44B1AD25AC26AC0002E39A /* ChatRoomViewController.swift in Sources */,
				7CDAEB2A244DEDF400895FB7 /* ChatListViewController.swift in Sources */,
				7CA46C0625AC29F90017E1AE /* ChatRoomTableViewCell.swift in Sources */,
				7CDAEAFA244DECE800895FB7 /* SceneDelegate.swift in Sources */,
			);
			runOnlyForDeploymentPostprocessing = 0;
		};
		7CDAEB06244DECE900895FB7 /* Sources */ = {
			isa = PBXSourcesBuildPhase;
			buildActionMask = 2147483647;
			files = (
				7CDAEB0F244DECE900895FB7 /* ChatWithFirebaseUntil5Tests.swift in Sources */,
			);
			runOnlyForDeploymentPostprocessing = 0;
		};
		7CDAEB11244DECE900895FB7 /* Sources */ = {
			isa = PBXSourcesBuildPhase;
			buildActionMask = 2147483647;
			files = (
				7CDAEB1A244DECE900895FB7 /* ChatWithFirebaseUntil5UITests.swift in Sources */,
			);
			runOnlyForDeploymentPostprocessing = 0;
		};
/* End PBXSourcesBuildPhase section */

/* Begin PBXTargetDependency section */
		7CDAEB0C244DECE900895FB7 /* PBXTargetDependency */ = {
			isa = PBXTargetDependency;
			target = 7CDAEAF3244DECE800895FB7 /* ChatAppWithFirebase */;
			targetProxy = 7CDAEB0B244DECE900895FB7 /* PBXContainerItemProxy */;
		};
		7CDAEB17244DECE900895FB7 /* PBXTargetDependency */ = {
			isa = PBXTargetDependency;
			target = 7CDAEAF3244DECE800895FB7 /* ChatAppWithFirebase */;
			targetProxy = 7CDAEB16244DECE900895FB7 /* PBXContainerItemProxy */;
		};
/* End PBXTargetDependency section */

/* Begin PBXVariantGroup section */
		7CDAEB02244DECE900895FB7 /* LaunchScreen.storyboard */ = {
			isa = PBXVariantGroup;
			children = (
				7CDAEB03244DECE900895FB7 /* Base */,
			);
			name = LaunchScreen.storyboard;
			sourceTree = "<group>";
		};
/* End PBXVariantGroup section */

/* Begin XCBuildConfiguration section */
		7CDAEB1C244DECE900895FB7 /* Debug */ = {
			isa = XCBuildConfiguration;
			buildSettings = {
				ALWAYS_SEARCH_USER_PATHS = NO;
				CLANG_ANALYZER_NONNULL = YES;
				CLANG_ANALYZER_NUMBER_OBJECT_CONVERSION = YES_AGGRESSIVE;
				CLANG_CXX_LANGUAGE_STANDARD = "gnu++14";
				CLANG_CXX_LIBRARY = "libc++";
				CLANG_ENABLE_MODULES = YES;
				CLANG_ENABLE_OBJC_ARC = YES;
				CLANG_ENABLE_OBJC_WEAK = YES;
				CLANG_WARN_BLOCK_CAPTURE_AUTORELEASING = YES;
				CLANG_WARN_BOOL_CONVERSION = YES;
				CLANG_WARN_COMMA = YES;
				CLANG_WARN_CONSTANT_CONVERSION = YES;
				CLANG_WARN_DEPRECATED_OBJC_IMPLEMENTATIONS = YES;
				CLANG_WARN_DIRECT_OBJC_ISA_USAGE = YES_ERROR;
				CLANG_WARN_DOCUMENTATION_COMMENTS = YES;
				CLANG_WARN_EMPTY_BODY = YES;
				CLANG_WARN_ENUM_CONVERSION = YES;
				CLANG_WARN_INFINITE_RECURSION = YES;
				CLANG_WARN_INT_CONVERSION = YES;
				CLANG_WARN_NON_LITERAL_NULL_CONVERSION = YES;
				CLANG_WARN_OBJC_IMPLICIT_RETAIN_SELF = YES;
				CLANG_WARN_OBJC_LITERAL_CONVERSION = YES;
				CLANG_WARN_OBJC_ROOT_CLASS = YES_ERROR;
				CLANG_WARN_RANGE_LOOP_ANALYSIS = YES;
				CLANG_WARN_STRICT_PROTOTYPES = YES;
				CLANG_WARN_SUSPICIOUS_MOVE = YES;
				CLANG_WARN_UNGUARDED_AVAILABILITY = YES_AGGRESSIVE;
				CLANG_WARN_UNREACHABLE_CODE = YES;
				CLANG_WARN__DUPLICATE_METHOD_MATCH = YES;
				COPY_PHASE_STRIP = NO;
				DEBUG_INFORMATION_FORMAT = dwarf;
				ENABLE_STRICT_OBJC_MSGSEND = YES;
				ENABLE_TESTABILITY = YES;
				GCC_C_LANGUAGE_STANDARD = gnu11;
				GCC_DYNAMIC_NO_PIC = NO;
				GCC_NO_COMMON_BLOCKS = YES;
				GCC_OPTIMIZATION_LEVEL = 0;
				GCC_PREPROCESSOR_DEFINITIONS = (
					"DEBUG=1",
					"$(inherited)",
				);
				GCC_WARN_64_TO_32_BIT_CONVERSION = YES;
				GCC_WARN_ABOUT_RETURN_TYPE = YES_ERROR;
				GCC_WARN_UNDECLARED_SELECTOR = YES;
				GCC_WARN_UNINITIALIZED_AUTOS = YES_AGGRESSIVE;
				GCC_WARN_UNUSED_FUNCTION = YES;
				GCC_WARN_UNUSED_VARIABLE = YES;
				IPHONEOS_DEPLOYMENT_TARGET = 13.2;
				MTL_ENABLE_DEBUG_INFO = INCLUDE_SOURCE;
				MTL_FAST_MATH = YES;
				ONLY_ACTIVE_ARCH = YES;
				SDKROOT = iphoneos;
				SWIFT_ACTIVE_COMPILATION_CONDITIONS = DEBUG;
				SWIFT_OPTIMIZATION_LEVEL = "-Onone";
			};
			name = Debug;
		};
		7CDAEB1D244DECE900895FB7 /* Release */ = {
			isa = XCBuildConfiguration;
			buildSettings = {
				ALWAYS_SEARCH_USER_PATHS = NO;
				CLANG_ANALYZER_NONNULL = YES;
				CLANG_ANALYZER_NUMBER_OBJECT_CONVERSION = YES_AGGRESSIVE;
				CLANG_CXX_LANGUAGE_STANDARD = "gnu++14";
				CLANG_CXX_LIBRARY = "libc++";
				CLANG_ENABLE_MODULES = YES;
				CLANG_ENABLE_OBJC_ARC = YES;
				CLANG_ENABLE_OBJC_WEAK = YES;
				CLANG_WARN_BLOCK_CAPTURE_AUTORELEASING = YES;
				CLANG_WARN_BOOL_CONVERSION = YES;
				CLANG_WARN_COMMA = YES;
				CLANG_WARN_CONSTANT_CONVERSION = YES;
				CLANG_WARN_DEPRECATED_OBJC_IMPLEMENTATIONS = YES;
				CLANG_WARN_DIRECT_OBJC_ISA_USAGE = YES_ERROR;
				CLANG_WARN_DOCUMENTATION_COMMENTS = YES;
				CLANG_WARN_EMPTY_BODY = YES;
				CLANG_WARN_ENUM_CONVERSION = YES;
				CLANG_WARN_INFINITE_RECURSION = YES;
				CLANG_WARN_INT_CONVERSION = YES;
				CLANG_WARN_NON_LITERAL_NULL_CONVERSION = YES;
				CLANG_WARN_OBJC_IMPLICIT_RETAIN_SELF = YES;
				CLANG_WARN_OBJC_LITERAL_CONVERSION = YES;
				CLANG_WARN_OBJC_ROOT_CLASS = YES_ERROR;
				CLANG_WARN_RANGE_LOOP_ANALYSIS = YES;
				CLANG_WARN_STRICT_PROTOTYPES = YES;
				CLANG_WARN_SUSPICIOUS_MOVE = YES;
				CLANG_WARN_UNGUARDED_AVAILABILITY = YES_AGGRESSIVE;
				CLANG_WARN_UNREACHABLE_CODE = YES;
				CLANG_WARN__DUPLICATE_METHOD_MATCH = YES;
				COPY_PHASE_STRIP = NO;
				DEBUG_INFORMATION_FORMAT = "dwarf-with-dsym";
				ENABLE_NS_ASSERTIONS = NO;
				ENABLE_STRICT_OBJC_MSGSEND = YES;
				GCC_C_LANGUAGE_STANDARD = gnu11;
				GCC_NO_COMMON_BLOCKS = YES;
				GCC_WARN_64_TO_32_BIT_CONVERSION = YES;
				GCC_WARN_ABOUT_RETURN_TYPE = YES_ERROR;
				GCC_WARN_UNDECLARED_SELECTOR = YES;
				GCC_WARN_UNINITIALIZED_AUTOS = YES_AGGRESSIVE;
				GCC_WARN_UNUSED_FUNCTION = YES;
				GCC_WARN_UNUSED_VARIABLE = YES;
				IPHONEOS_DEPLOYMENT_TARGET = 13.2;
				MTL_ENABLE_DEBUG_INFO = NO;
				MTL_FAST_MATH = YES;
				SDKROOT = iphoneos;
				SWIFT_COMPILATION_MODE = wholemodule;
				SWIFT_OPTIMIZATION_LEVEL = "-O";
				VALIDATE_PRODUCT = YES;
			};
			name = Release;
		};
		7CDAEB1F244DECE900895FB7 /* Debug */ = {
			isa = XCBuildConfiguration;
			buildSettings = {
				ASSETCATALOG_COMPILER_APPICON_NAME = AppIcon;
				CODE_SIGN_STYLE = Automatic;
				INFOPLIST_FILE = ChatWithFirebaseUntil5/Info.plist;
				LD_RUNPATH_SEARCH_PATHS = (
					"$(inherited)",
					"@executable_path/Frameworks",
				);
				PRODUCT_BUNDLE_IDENTIFIER = Uske.ChatWithFirebaseUntil5;
				PRODUCT_NAME = "$(TARGET_NAME)";
				SWIFT_VERSION = 5.0;
				TARGETED_DEVICE_FAMILY = "1,2";
			};
			name = Debug;
		};
		7CDAEB20244DECE900895FB7 /* Release */ = {
			isa = XCBuildConfiguration;
			buildSettings = {
				ASSETCATALOG_COMPILER_APPICON_NAME = AppIcon;
				CODE_SIGN_STYLE = Automatic;
				INFOPLIST_FILE = ChatWithFirebaseUntil5/Info.plist;
				LD_RUNPATH_SEARCH_PATHS = (
					"$(inherited)",
					"@executable_path/Frameworks",
				);
				PRODUCT_BUNDLE_IDENTIFIER = Uske.ChatWithFirebaseUntil5;
				PRODUCT_NAME = "$(TARGET_NAME)";
				SWIFT_VERSION = 5.0;
				TARGETED_DEVICE_FAMILY = "1,2";
			};
			name = Release;
		};
		7CDAEB22244DECE900895FB7 /* Debug */ = {
			isa = XCBuildConfiguration;
			buildSettings = {
				ALWAYS_EMBED_SWIFT_STANDARD_LIBRARIES = YES;
				BUNDLE_LOADER = "$(TEST_HOST)";
				CODE_SIGN_STYLE = Automatic;
				INFOPLIST_FILE = ChatWithFirebaseUntil5Tests/Info.plist;
				IPHONEOS_DEPLOYMENT_TARGET = 13.2;
				LD_RUNPATH_SEARCH_PATHS = (
					"$(inherited)",
					"@executable_path/Frameworks",
					"@loader_path/Frameworks",
				);
				PRODUCT_BUNDLE_IDENTIFIER = Uske.ChatWithFirebaseUntil5Tests;
				PRODUCT_NAME = "$(TARGET_NAME)";
				SWIFT_VERSION = 5.0;
				TARGETED_DEVICE_FAMILY = "1,2";
				TEST_HOST = "$(BUILT_PRODUCTS_DIR)/ChatAppWithFirebase.app/ChatAppWithFirebase";
			};
			name = Debug;
		};
		7CDAEB23244DECE900895FB7 /* Release */ = {
			isa = XCBuildConfiguration;
			buildSettings = {
				ALWAYS_EMBED_SWIFT_STANDARD_LIBRARIES = YES;
				BUNDLE_LOADER = "$(TEST_HOST)";
				CODE_SIGN_STYLE = Automatic;
				INFOPLIST_FILE = ChatWithFirebaseUntil5Tests/Info.plist;
				IPHONEOS_DEPLOYMENT_TARGET = 13.2;
				LD_RUNPATH_SEARCH_PATHS = (
					"$(inherited)",
					"@executable_path/Frameworks",
					"@loader_path/Frameworks",
				);
				PRODUCT_BUNDLE_IDENTIFIER = Uske.ChatWithFirebaseUntil5Tests;
				PRODUCT_NAME = "$(TARGET_NAME)";
				SWIFT_VERSION = 5.0;
				TARGETED_DEVICE_FAMILY = "1,2";
				TEST_HOST = "$(BUILT_PRODUCTS_DIR)/ChatAppWithFirebase.app/ChatAppWithFirebase";
			};
			name = Release;
		};
		7CDAEB25244DECE900895FB7 /* Debug */ = {
			isa = XCBuildConfiguration;
			buildSettings = {
				ALWAYS_EMBED_SWIFT_STANDARD_LIBRARIES = YES;
				CODE_SIGN_STYLE = Automatic;
				INFOPLIST_FILE = ChatWithFirebaseUntil5UITests/Info.plist;
				LD_RUNPATH_SEARCH_PATHS = (
					"$(inherited)",
					"@executable_path/Frameworks",
					"@loader_path/Frameworks",
				);
				PRODUCT_BUNDLE_IDENTIFIER = Uske.ChatWithFirebaseUntil5UITests;
				PRODUCT_NAME = "$(TARGET_NAME)";
				SWIFT_VERSION = 5.0;
				TARGETED_DEVICE_FAMILY = "1,2";
				TEST_TARGET_NAME = ChatWithFirebaseUntil5;
			};
			name = Debug;
		};
		7CDAEB26244DECE900895FB7 /* Release */ = {
			isa = XCBuildConfiguration;
			buildSettings = {
				ALWAYS_EMBED_SWIFT_STANDARD_LIBRARIES = YES;
				CODE_SIGN_STYLE = Automatic;
				INFOPLIST_FILE = ChatWithFirebaseUntil5UITests/Info.plist;
				LD_RUNPATH_SEARCH_PATHS = (
					"$(inherited)",
					"@executable_path/Frameworks",
					"@loader_path/Frameworks",
				);
				PRODUCT_BUNDLE_IDENTIFIER = Uske.ChatWithFirebaseUntil5UITests;
				PRODUCT_NAME = "$(TARGET_NAME)";
				SWIFT_VERSION = 5.0;
				TARGETED_DEVICE_FAMILY = "1,2";
				TEST_TARGET_NAME = ChatWithFirebaseUntil5;
			};
			name = Release;
		};
/* End XCBuildConfiguration section */

/* Begin XCConfigurationList section */
		7CDAEAEF244DECE800895FB7 /* Build configuration list for PBXProject "ChatAppWithFirebase" */ = {
			isa = XCConfigurationList;
			buildConfigurations = (
				7CDAEB1C244DECE900895FB7 /* Debug */,
				7CDAEB1D244DECE900895FB7 /* Release */,
			);
			defaultConfigurationIsVisible = 0;
			defaultConfigurationName = Release;
		};
		7CDAEB1E244DECE900895FB7 /* Build configuration list for PBXNativeTarget "ChatAppWithFirebase" */ = {
			isa = XCConfigurationList;
			buildConfigurations = (
				7CDAEB1F244DECE900895FB7 /* Debug */,
				7CDAEB20244DECE900895FB7 /* Release */,
			);
			defaultConfigurationIsVisible = 0;
			defaultConfigurationName = Release;
		};
		7CDAEB21244DECE900895FB7 /* Build configuration list for PBXNativeTarget "ChatAppWithFirebaseTests" */ = {
			isa = XCConfigurationList;
			buildConfigurations = (
				7CDAEB22244DECE900895FB7 /* Debug */,
				7CDAEB23244DECE900895FB7 /* Release */,
			);
			defaultConfigurationIsVisible = 0;
			defaultConfigurationName = Release;
		};
		7CDAEB24244DECE900895FB7 /* Build configuration list for PBXNativeTarget "ChatAppWithFirebaseUITests" */ = {
			isa = XCConfigurationList;
			buildConfigurations = (
				7CDAEB25244DECE900895FB7 /* Debug */,
				7CDAEB26244DECE900895FB7 /* Release */,
			);
			defaultConfigurationIsVisible = 0;
			defaultConfigurationName = Release;
		};
/* End XCConfigurationList section */
	};
	rootObject = 7CDAEAEC244DECE800895FB7 /* Project object */;
}
